
Microsoft Visual Studio Solution File, Format Version 12.00
# Visual Studio Version 16
VisualStudioVersion = 25.0.1705.7
MinimumVisualStudioVersion = 10.0.40219.1
Project("{9344BDBB-3E7F-41FC-A0DD-8665D75EE146}") = "Abstract", "Design Pattern\Abstract.csproj", "{EF995B11-FC53-4753-843B-AA568A19495B}"
EndProject
Project("{2150E333-8FDC-42A3-9474-1A3956D46DE8}") = "Creational", "Creational", "{2BE53672-FA84-4F20-9459-DB41BFB65FB8}"
EndProject
Project("{FAE04EC0-301F-11D3-BF4B-00C04F79EFBC}") = "Abstract", "Abstract\Abstract.csproj", "{D763413D-4269-4C5B-A0FE-D33291D37433}"
EndProject
Project("{FAE04EC0-301F-11D3-BF4B-00C04F79EFBC}") = "Builder", "Builder\Builder.csproj", "{15B3CD8D-62F5-4547-A598-59BE340C35DB}"
EndProject
Project("{FAE04EC0-301F-11D3-BF4B-00C04F79EFBC}") = "Factory", "Factory\Factory.csproj", "{CCF2BE7B-3AA3-4BC6-AED7-0A16149D7368}"
EndProject
Project("{FAE04EC0-301F-11D3-BF4B-00C04F79EFBC}") = "Prototype", "Prototype\Prototype.csproj", "{A228372B-E7AD-43B8-8125-8F0E96E656AC}"
EndProject
Project("{FAE04EC0-301F-11D3-BF4B-00C04F79EFBC}") = "Singleton", "Singleton\Singleton.csproj", "{2009FC37-D78D-47E0-90A7-C43097BD9C32}"
EndProject
Project("{2150E333-8FDC-42A3-9474-1A3956D46DE8}") = "Structural", "Structural", "{0FF11ABD-9ACB-4304-9B04-AF6C4BA2041B}"
EndProject
Project("{2150E333-8FDC-42A3-9474-1A3956D46DE8}") = "Behavioral", "Behavioral", "{17790203-6BAD-4729-AA27-3416CD5A947E}"
EndProject
Global
	GlobalSection(SolutionConfigurationPlatforms) = preSolution
		Debug|Any CPU = Debug|Any CPU
		Release|Any CPU = Release|Any CPU
	EndGlobalSection
	GlobalSection(ProjectConfigurationPlatforms) = postSolution
		{EF995B11-FC53-4753-843B-AA568A19495B}.Debug|Any CPU.ActiveCfg = Debug|Any CPU
		{EF995B11-FC53-4753-843B-AA568A19495B}.Debug|Any CPU.Build.0 = Debug|Any CPU
		{EF995B11-FC53-4753-843B-AA568A19495B}.Release|Any CPU.ActiveCfg = Release|Any CPU
		{EF995B11-FC53-4753-843B-AA568A19495B}.Release|Any CPU.Build.0 = Release|Any CPU
		{D763413D-4269-4C5B-A0FE-D33291D37433}.Debug|Any CPU.ActiveCfg = Debug|Any CPU
		{D763413D-4269-4C5B-A0FE-D33291D37433}.Debug|Any CPU.Build.0 = Debug|Any CPU
		{D763413D-4269-4C5B-A0FE-D33291D37433}.Release|Any CPU.ActiveCfg = Release|Any CPU
		{D763413D-4269-4C5B-A0FE-D33291D37433}.Release|Any CPU.Build.0 = Release|Any CPU
		{15B3CD8D-62F5-4547-A598-59BE340C35DB}.Debug|Any CPU.ActiveCfg = Debug|Any CPU
		{15B3CD8D-62F5-4547-A598-59BE340C35DB}.Debug|Any CPU.Build.0 = Debug|Any CPU
		{15B3CD8D-62F5-4547-A598-59BE340C35DB}.Release|Any CPU.ActiveCfg = Release|Any CPU
		{15B3CD8D-62F5-4547-A598-59BE340C35DB}.Release|Any CPU.Build.0 = Release|Any CPU
		{CCF2BE7B-3AA3-4BC6-AED7-0A16149D7368}.Debug|Any CPU.ActiveCfg = Debug|Any CPU
		{CCF2BE7B-3AA3-4BC6-AED7-0A16149D7368}.Debug|Any CPU.Build.0 = Debug|Any CPU
		{CCF2BE7B-3AA3-4BC6-AED7-0A16149D7368}.Release|Any CPU.ActiveCfg = Release|Any CPU
		{CCF2BE7B-3AA3-4BC6-AED7-0A16149D7368}.Release|Any CPU.Build.0 = Release|Any CPU
		{A228372B-E7AD-43B8-8125-8F0E96E656AC}.Debug|Any CPU.ActiveCfg = Debug|Any CPU
		{A228372B-E7AD-43B8-8125-8F0E96E656AC}.Debug|Any CPU.Build.0 = Debug|Any CPU
		{A228372B-E7AD-43B8-8125-8F0E96E656AC}.Release|Any CPU.ActiveCfg = Release|Any CPU
		{A228372B-E7AD-43B8-8125-8F0E96E656AC}.Release|Any CPU.Build.0 = Release|Any CPU
		{2009FC37-D78D-47E0-90A7-C43097BD9C32}.Debug|Any CPU.ActiveCfg = Debug|Any CPU
		{2009FC37-D78D-47E0-90A7-C43097BD9C32}.Debug|Any CPU.Build.0 = Debug|Any CPU
		{2009FC37-D78D-47E0-90A7-C43097BD9C32}.Release|Any CPU.ActiveCfg = Release|Any CPU
		{2009FC37-D78D-47E0-90A7-C43097BD9C32}.Release|Any CPU.Build.0 = Release|Any CPU
	EndGlobalSection
	GlobalSection(SolutionProperties) = preSolution
		HideSolutionNode = FALSE
	EndGlobalSection
	GlobalSection(ExtensibilityGlobals) = postSolution
		SolutionGuid = {D12EEC44-440B-468E-A2BF-0DAB7E42C49E}
	EndGlobalSection
	GlobalSection(NestedProjects) = preSolution
		{D763413D-4269-4C5B-A0FE-D33291D37433} = {2BE53672-FA84-4F20-9459-DB41BFB65FB8}
		{15B3CD8D-62F5-4547-A598-59BE340C35DB} = {2BE53672-FA84-4F20-9459-DB41BFB65FB8}
		{CCF2BE7B-3AA3-4BC6-AED7-0A16149D7368} = {2BE53672-FA84-4F20-9459-DB41BFB65FB8}
		{A228372B-E7AD-43B8-8125-8F0E96E656AC} = {2BE53672-FA84-4F20-9459-DB41BFB65FB8}
		{2009FC37-D78D-47E0-90A7-C43097BD9C32} = {2BE53672-FA84-4F20-9459-DB41BFB65FB8}
	EndGlobalSection
EndGlobal
